
Microsoft Visual Studio Solution File, Format Version 12.00
# Visual Studio Version 16
VisualStudioVersion = 16.0.29609.76
MinimumVisualStudioVersion = 10.0.40219.1
Project("{00D1A9C2-B5F0-4AF3-8072-F6C62B433612}") = "TrackerDb", "TrackerDb\TrackerDb.sqlproj", "{BC65BE6A-03BF-46EA-AC00-135C3317BC96}"
EndProject
Global
	GlobalSection(SolutionConfigurationPlatforms) = preSolution
		Debug|Any CPU = Debug|Any CPU
		Release|Any CPU = Release|Any CPU
	EndGlobalSection
	GlobalSection(ProjectConfigurationPlatforms) = postSolution
		{BC65BE6A-03BF-46EA-AC00-135C3317BC96}.Debug|Any CPU.ActiveCfg = Debug|Any CPU
		{BC65BE6A-03BF-46EA-AC00-135C3317BC96}.Debug|Any CPU.Build.0 = Debug|Any CPU
		{BC65BE6A-03BF-46EA-AC00-135C3317BC96}.Debug|Any CPU.Deploy.0 = Debug|Any CPU
		{BC65BE6A-03BF-46EA-AC00-135C3317BC96}.Release|Any CPU.ActiveCfg = Release|Any CPU
		{BC65BE6A-03BF-46EA-AC00-135C3317BC96}.Release|Any CPU.Build.0 = Release|Any CPU
		{BC65BE6A-03BF-46EA-AC00-135C3317BC96}.Release|Any CPU.Deploy.0 = Release|Any CPU
	EndGlobalSection
	GlobalSection(SolutionProperties) = preSolution
		HideSolutionNode = FALSE
	EndGlobalSection
	GlobalSection(ExtensibilityGlobals) = postSolution
		SolutionGuid = {03247E2D-6C82-4B1E-A3D5-B0126D61A073}
	EndGlobalSection
EndGlobal
