
Microsoft Visual Studio Solution File, Format Version 12.00
# Visual Studio Version 16
VisualStudioVersion = 16.0.29609.76
MinimumVisualStudioVersion = 10.0.40219.1
Project("{00D1A9C2-B5F0-4AF3-8072-F6C62B433612}") = "TrackerDb", "TrackerDb\TrackerDb.sqlproj", "{BC65BE6A-03BF-46EA-AC00-135C3317BC96}"
EndProject
Project("{9A19103F-16F7-4668-BE54-9A1E7A4F7556}") = "Tracker.Api.Library", "Tracker.Api.Library\Tracker.Api.Library.csproj", "{F0689229-15FE-4DBE-9FF5-9CA64B2CEB5F}"
EndProject
Project("{9A19103F-16F7-4668-BE54-9A1E7A4F7556}") = "Tracker.UI", "Tracker.UI\Tracker.UI.csproj", "{08D08416-D3F0-4D02-BCE3-203D49F5E89B}"
EndProject
Project("{9A19103F-16F7-4668-BE54-9A1E7A4F7556}") = "Tracker.UI.Core", "Tracker.UI.Core\Tracker.UI.Core.csproj", "{E5961D5E-EA7A-453C-A9B6-E935BBC90835}"
EndProject
Project("{2150E333-8FDC-42A3-9474-1A3956D46DE8}") = "UI", "UI", "{578DB78A-638D-4E36-862D-1CEFA7C9FA5F}"
EndProject
Project("{2150E333-8FDC-42A3-9474-1A3956D46DE8}") = "API", "API", "{367960E6-096D-4D64-9FBA-93C6F318905E}"
EndProject
Project("{2150E333-8FDC-42A3-9474-1A3956D46DE8}") = "DB", "DB", "{C70DFFD3-3AA0-4855-8C89-741E5591F69B}"
EndProject
Project("{9A19103F-16F7-4668-BE54-9A1E7A4F7556}") = "Tracker.Api", "Tracker.Api\Tracker.Api.csproj", "{77C11B3D-6D00-4CA4-9712-6184D31B64C1}"
EndProject
Project("{9A19103F-16F7-4668-BE54-9A1E7A4F7556}") = "Tracker.Api.Contracts", "Tracker.Api.Contracts\Tracker.Api.Contracts.csproj", "{3CDDFA6C-B0CB-4570-B464-44DCDBD5E6C1}"
EndProject
Project("{9A19103F-16F7-4668-BE54-9A1E7A4F7556}") = "Tracker.Api.Tests", "Tracker.Api.Tests\Tracker.Api.Tests.csproj", "{209E9A00-4614-4D55-B4B9-AE0A5EE5D788}"
EndProject
Project("{2150E333-8FDC-42A3-9474-1A3956D46DE8}") = "Solution Items", "Solution Items", "{4AEF0A37-BA06-4C53-A5EA-AF35A794EB5F}"
	ProjectSection(SolutionItems) = preProject
		build.cake = build.cake
		build.ps1 = build.ps1
	EndProjectSection
EndProject
Project("{9A19103F-16F7-4668-BE54-9A1E7A4F7556}") = "Tracker.Client", "Tracker.Client\Tracker.Client.csproj", "{D32A0D99-6FBC-495F-B2BC-D0E3FC6EE5B4}"
EndProject
Project("{9A19103F-16F7-4668-BE54-9A1E7A4F7556}") = "Tracker.Library", "Tracker.Library\Tracker.Library.csproj", "{F5E6642D-F36E-45F3-8329-AABB31A44B22}"
EndProject
Project("{9A19103F-16F7-4668-BE54-9A1E7A4F7556}") = "Tracker.Client.Core", "Tracker.Client.Core\Tracker.Client.Core.csproj", "{03CAA8A2-4634-4D91-ACDA-0C25CCC48A2B}"
EndProject
Global
	GlobalSection(SolutionConfigurationPlatforms) = preSolution
		Debug|Any CPU = Debug|Any CPU
		Release|Any CPU = Release|Any CPU
	EndGlobalSection
	GlobalSection(ProjectConfigurationPlatforms) = postSolution
		{BC65BE6A-03BF-46EA-AC00-135C3317BC96}.Debug|Any CPU.ActiveCfg = Debug|Any CPU
		{BC65BE6A-03BF-46EA-AC00-135C3317BC96}.Debug|Any CPU.Build.0 = Debug|Any CPU
		{BC65BE6A-03BF-46EA-AC00-135C3317BC96}.Debug|Any CPU.Deploy.0 = Debug|Any CPU
		{BC65BE6A-03BF-46EA-AC00-135C3317BC96}.Release|Any CPU.ActiveCfg = Release|Any CPU
		{BC65BE6A-03BF-46EA-AC00-135C3317BC96}.Release|Any CPU.Build.0 = Release|Any CPU
		{BC65BE6A-03BF-46EA-AC00-135C3317BC96}.Release|Any CPU.Deploy.0 = Release|Any CPU
		{F0689229-15FE-4DBE-9FF5-9CA64B2CEB5F}.Debug|Any CPU.ActiveCfg = Debug|Any CPU
		{F0689229-15FE-4DBE-9FF5-9CA64B2CEB5F}.Debug|Any CPU.Build.0 = Debug|Any CPU
		{F0689229-15FE-4DBE-9FF5-9CA64B2CEB5F}.Release|Any CPU.ActiveCfg = Release|Any CPU
		{F0689229-15FE-4DBE-9FF5-9CA64B2CEB5F}.Release|Any CPU.Build.0 = Release|Any CPU
		{08D08416-D3F0-4D02-BCE3-203D49F5E89B}.Debug|Any CPU.ActiveCfg = Debug|Any CPU
		{08D08416-D3F0-4D02-BCE3-203D49F5E89B}.Debug|Any CPU.Build.0 = Debug|Any CPU
		{08D08416-D3F0-4D02-BCE3-203D49F5E89B}.Release|Any CPU.ActiveCfg = Release|Any CPU
		{08D08416-D3F0-4D02-BCE3-203D49F5E89B}.Release|Any CPU.Build.0 = Release|Any CPU
		{E5961D5E-EA7A-453C-A9B6-E935BBC90835}.Debug|Any CPU.ActiveCfg = Debug|Any CPU
		{E5961D5E-EA7A-453C-A9B6-E935BBC90835}.Debug|Any CPU.Build.0 = Debug|Any CPU
		{E5961D5E-EA7A-453C-A9B6-E935BBC90835}.Release|Any CPU.ActiveCfg = Release|Any CPU
		{E5961D5E-EA7A-453C-A9B6-E935BBC90835}.Release|Any CPU.Build.0 = Release|Any CPU
		{77C11B3D-6D00-4CA4-9712-6184D31B64C1}.Debug|Any CPU.ActiveCfg = Debug|Any CPU
		{77C11B3D-6D00-4CA4-9712-6184D31B64C1}.Debug|Any CPU.Build.0 = Debug|Any CPU
		{77C11B3D-6D00-4CA4-9712-6184D31B64C1}.Release|Any CPU.ActiveCfg = Release|Any CPU
		{77C11B3D-6D00-4CA4-9712-6184D31B64C1}.Release|Any CPU.Build.0 = Release|Any CPU
		{3CDDFA6C-B0CB-4570-B464-44DCDBD5E6C1}.Debug|Any CPU.ActiveCfg = Debug|Any CPU
		{3CDDFA6C-B0CB-4570-B464-44DCDBD5E6C1}.Debug|Any CPU.Build.0 = Debug|Any CPU
		{3CDDFA6C-B0CB-4570-B464-44DCDBD5E6C1}.Release|Any CPU.ActiveCfg = Release|Any CPU
		{3CDDFA6C-B0CB-4570-B464-44DCDBD5E6C1}.Release|Any CPU.Build.0 = Release|Any CPU
		{209E9A00-4614-4D55-B4B9-AE0A5EE5D788}.Debug|Any CPU.ActiveCfg = Debug|Any CPU
		{209E9A00-4614-4D55-B4B9-AE0A5EE5D788}.Debug|Any CPU.Build.0 = Debug|Any CPU
		{209E9A00-4614-4D55-B4B9-AE0A5EE5D788}.Release|Any CPU.ActiveCfg = Release|Any CPU
		{209E9A00-4614-4D55-B4B9-AE0A5EE5D788}.Release|Any CPU.Build.0 = Release|Any CPU
		{D32A0D99-6FBC-495F-B2BC-D0E3FC6EE5B4}.Debug|Any CPU.ActiveCfg = Debug|Any CPU
		{D32A0D99-6FBC-495F-B2BC-D0E3FC6EE5B4}.Debug|Any CPU.Build.0 = Debug|Any CPU
		{D32A0D99-6FBC-495F-B2BC-D0E3FC6EE5B4}.Release|Any CPU.ActiveCfg = Release|Any CPU
		{D32A0D99-6FBC-495F-B2BC-D0E3FC6EE5B4}.Release|Any CPU.Build.0 = Release|Any CPU
		{F5E6642D-F36E-45F3-8329-AABB31A44B22}.Debug|Any CPU.ActiveCfg = Debug|Any CPU
		{F5E6642D-F36E-45F3-8329-AABB31A44B22}.Debug|Any CPU.Build.0 = Debug|Any CPU
		{F5E6642D-F36E-45F3-8329-AABB31A44B22}.Release|Any CPU.ActiveCfg = Release|Any CPU
		{F5E6642D-F36E-45F3-8329-AABB31A44B22}.Release|Any CPU.Build.0 = Release|Any CPU
		{03CAA8A2-4634-4D91-ACDA-0C25CCC48A2B}.Debug|Any CPU.ActiveCfg = Debug|Any CPU
		{03CAA8A2-4634-4D91-ACDA-0C25CCC48A2B}.Debug|Any CPU.Build.0 = Debug|Any CPU
		{03CAA8A2-4634-4D91-ACDA-0C25CCC48A2B}.Release|Any CPU.ActiveCfg = Release|Any CPU
		{03CAA8A2-4634-4D91-ACDA-0C25CCC48A2B}.Release|Any CPU.Build.0 = Release|Any CPU
	EndGlobalSection
	GlobalSection(SolutionProperties) = preSolution
		HideSolutionNode = FALSE
	EndGlobalSection
	GlobalSection(NestedProjects) = preSolution
		{BC65BE6A-03BF-46EA-AC00-135C3317BC96} = {C70DFFD3-3AA0-4855-8C89-741E5591F69B}
		{F0689229-15FE-4DBE-9FF5-9CA64B2CEB5F} = {367960E6-096D-4D64-9FBA-93C6F318905E}
		{08D08416-D3F0-4D02-BCE3-203D49F5E89B} = {578DB78A-638D-4E36-862D-1CEFA7C9FA5F}
		{E5961D5E-EA7A-453C-A9B6-E935BBC90835} = {578DB78A-638D-4E36-862D-1CEFA7C9FA5F}
		{77C11B3D-6D00-4CA4-9712-6184D31B64C1} = {367960E6-096D-4D64-9FBA-93C6F318905E}
		{3CDDFA6C-B0CB-4570-B464-44DCDBD5E6C1} = {367960E6-096D-4D64-9FBA-93C6F318905E}
		{209E9A00-4614-4D55-B4B9-AE0A5EE5D788} = {367960E6-096D-4D64-9FBA-93C6F318905E}
		{D32A0D99-6FBC-495F-B2BC-D0E3FC6EE5B4} = {578DB78A-638D-4E36-862D-1CEFA7C9FA5F}
		{F5E6642D-F36E-45F3-8329-AABB31A44B22} = {578DB78A-638D-4E36-862D-1CEFA7C9FA5F}
		{03CAA8A2-4634-4D91-ACDA-0C25CCC48A2B} = {578DB78A-638D-4E36-862D-1CEFA7C9FA5F}
	EndGlobalSection
	GlobalSection(ExtensibilityGlobals) = postSolution
		SolutionGuid = {03247E2D-6C82-4B1E-A3D5-B0126D61A073}
	EndGlobalSection
EndGlobal
